
Microsoft Visual Studio Solution File, Format Version 12.00
# Visual Studio Version 17
VisualStudioVersion = 17.2.32519.379
MinimumVisualStudioVersion = 10.0.40219.1
Project("{FAE04EC0-301F-11D3-BF4B-00C04F79EFBC}") = "AssignmentT2", "AssignmentT2\AssignmentT2.csproj", "{F8C4EF5A-5830-4A8C-868F-39A679A1B60D}"
EndProject
Global
	GlobalSection(SolutionConfigurationPlatforms) = preSolution
		Debug|Any CPU = Debug|Any CPU
		Release|Any CPU = Release|Any CPU
	EndGlobalSection
	GlobalSection(ProjectConfigurationPlatforms) = postSolution
		{F8C4EF5A-5830-4A8C-868F-39A679A1B60D}.Debug|Any CPU.ActiveCfg = Debug|Any CPU
		{F8C4EF5A-5830-4A8C-868F-39A679A1B60D}.Debug|Any CPU.Build.0 = Debug|Any CPU
		{F8C4EF5A-5830-4A8C-868F-39A679A1B60D}.Release|Any CPU.ActiveCfg = Release|Any CPU
		{F8C4EF5A-5830-4A8C-868F-39A679A1B60D}.Release|Any CPU.Build.0 = Release|Any CPU
	EndGlobalSection
	GlobalSection(SolutionProperties) = preSolution
		HideSolutionNode = FALSE
	EndGlobalSection
	GlobalSection(ExtensibilityGlobals) = postSolution
		SolutionGuid = {E5353532-8B22-4E8B-9B95-E6C8D5C9447F}
	EndGlobalSection
EndGlobal
